// !$*UTF8*$!
{
	archiveVersion = 1;
	classes = {
	};
	objectVersion = 55;
	objects = {

/* Begin PBXBuildFile section */
		0655ECCB2D4665798E37FF92 /* Pods_SGS_NCNS.framework in Frameworks */ = {isa = PBXBuildFile; fileRef = A26F3D315ADFBCFAD6DE6A8A /* Pods_SGS_NCNS.framework */; };
		330F530927AE3BB800075EF6 /* PopularListView.swift in Sources */ = {isa = PBXBuildFile; fileRef = 330F530827AE3BB800075EF6 /* PopularListView.swift */; };
		330F530B27AE3BE900075EF6 /* TagListView.swift in Sources */ = {isa = PBXBuildFile; fileRef = 330F530A27AE3BE900075EF6 /* TagListView.swift */; };
		330F530E27AEA01B00075EF6 /* ImagePageView.swift in Sources */ = {isa = PBXBuildFile; fileRef = 330F530D27AEA01B00075EF6 /* ImagePageView.swift */; };
		330F531027AEBA8F00075EF6 /* ButtonFlatLinkStyle.swift in Sources */ = {isa = PBXBuildFile; fileRef = 330F530F27AEBA8E00075EF6 /* ButtonFlatLinkStyle.swift */; };
		3310FFE1278674C300C157DC /* ContentView.swift in Sources */ = {isa = PBXBuildFile; fileRef = 3310FFE0278674C300C157DC /* ContentView.swift */; };
		3310FFE7278675C300C157DC /* MainTabView.swift in Sources */ = {isa = PBXBuildFile; fileRef = 3310FFE6278675C300C157DC /* MainTabView.swift */; };
		3310FFE92786761100C157DC /* ProfileView.swift in Sources */ = {isa = PBXBuildFile; fileRef = 3310FFE82786761100C157DC /* ProfileView.swift */; };
		3310FFEB2786767000C157DC /* NotificationsView.swift in Sources */ = {isa = PBXBuildFile; fileRef = 3310FFEA2786767000C157DC /* NotificationsView.swift */; };
		3310FFED2786769500C157DC /* SearchView.swift in Sources */ = {isa = PBXBuildFile; fileRef = 3310FFEC2786769500C157DC /* SearchView.swift */; };
		3310FFEF2786799900C157DC /* FeedView.swift in Sources */ = {isa = PBXBuildFile; fileRef = 3310FFEE2786799900C157DC /* FeedView.swift */; };
		3310FFF427868B4400C157DC /* FeedCell.swift in Sources */ = {isa = PBXBuildFile; fileRef = 3310FFF327868B4400C157DC /* FeedCell.swift */; };
		33112DA227A23A7F003C4679 /* ResponseModel.swift in Sources */ = {isa = PBXBuildFile; fileRef = 33112DA127A23A7F003C4679 /* ResponseModel.swift */; };
		3329AE6927A1534800649F88 /* AppleUserAuthModel.swift in Sources */ = {isa = PBXBuildFile; fileRef = 3329AE6827A1534800649F88 /* AppleUserAuthModel.swift */; };
		33363E6727A0E5C100C44614 /* JWTDecode in Frameworks */ = {isa = PBXBuildFile; productRef = 33363E6627A0E5C100C44614 /* JWTDecode */; };
		33363E6A27A0E5F200C44614 /* GoogleSignIn in Frameworks */ = {isa = PBXBuildFile; productRef = 33363E6927A0E5F200C44614 /* GoogleSignIn */; };
		33363E6E27A0E66900C44614 /* GoogleUserAuthModel.swift in Sources */ = {isa = PBXBuildFile; fileRef = 33363E6D27A0E66900C44614 /* GoogleUserAuthModel.swift */; };
		33363E7027A0E68000C44614 /* GoogleSignInButtonWrapper.swift in Sources */ = {isa = PBXBuildFile; fileRef = 33363E6F27A0E68000C44614 /* GoogleSignInButtonWrapper.swift */; };
		33363E7627A0E78100C44614 /* UserSignUpModel.swift in Sources */ = {isa = PBXBuildFile; fileRef = 33363E7527A0E78100C44614 /* UserSignUpModel.swift */; };
		33363E7827A0E7C300C44614 /* SocialSignInModel.swift in Sources */ = {isa = PBXBuildFile; fileRef = 33363E7727A0E7C300C44614 /* SocialSignInModel.swift */; };
		33363E7F27A1343300C44614 /* AppleSignInButtonWrapper.swift in Sources */ = {isa = PBXBuildFile; fileRef = 33363E7E27A1343300C44614 /* AppleSignInButtonWrapper.swift */; };
		33590F3027AA2DC9007C7C81 /* HashTagView.swift in Sources */ = {isa = PBXBuildFile; fileRef = 33590F2F27AA2DC9007C7C81 /* HashTagView.swift */; };
		33590F3327AA30DB007C7C81 /* ProfileSubView.swift in Sources */ = {isa = PBXBuildFile; fileRef = 33590F3127AA30DB007C7C81 /* ProfileSubView.swift */; };
		33590F3427AA30DB007C7C81 /* ProfileHeaderView.swift in Sources */ = {isa = PBXBuildFile; fileRef = 33590F3227AA30DB007C7C81 /* ProfileHeaderView.swift */; };
		33838BC12794414600196248 /* UploadPostView.swift in Sources */ = {isa = PBXBuildFile; fileRef = 33838BC02794414600196248 /* UploadPostView.swift */; };
		33838BC32794415000196248 /* ImagePicker.swift in Sources */ = {isa = PBXBuildFile; fileRef = 33838BC22794415000196248 /* ImagePicker.swift */; };
		33838BC92794443700196248 /* TextView.swift in Sources */ = {isa = PBXBuildFile; fileRef = 33838BC82794443700196248 /* TextView.swift */; };
		33838BCC279484A900196248 /* LoginView.swift in Sources */ = {isa = PBXBuildFile; fileRef = 33838BCB279484A900196248 /* LoginView.swift */; };
		33838BCE279484B400196248 /* RegistrationView.swift in Sources */ = {isa = PBXBuildFile; fileRef = 33838BCD279484B400196248 /* RegistrationView.swift */; };
		33838BD0279484C800196248 /* ResetPasswordView.swift in Sources */ = {isa = PBXBuildFile; fileRef = 33838BCF279484C800196248 /* ResetPasswordView.swift */; };
		33838BD22794873500196248 /* CustomTextField.swift in Sources */ = {isa = PBXBuildFile; fileRef = 33838BD12794873500196248 /* CustomTextField.swift */; };
		33838BD42794887100196248 /* CustomSecureField.swift in Sources */ = {isa = PBXBuildFile; fileRef = 33838BD32794887100196248 /* CustomSecureField.swift */; };
		338F1E89278BBA5B0091B867 /* FeedContentViewtmp.swift in Sources */ = {isa = PBXBuildFile; fileRef = 338F1E88278BBA5B0091B867 /* FeedContentViewtmp.swift */; };
		338F1E8B278BC8A70091B867 /* SearchBar.swift in Sources */ = {isa = PBXBuildFile; fileRef = 338F1E8A278BC8A70091B867 /* SearchBar.swift */; };
		338F1EAC278CB0FD0091B867 /* Extensions.swift in Sources */ = {isa = PBXBuildFile; fileRef = 3310FFF62786A3F900C157DC /* Extensions.swift */; };
		338F72DF27A7D649000F658B /* KeychainQuery.swift in Sources */ = {isa = PBXBuildFile; fileRef = 338F72DE27A7D649000F658B /* KeychainQuery.swift */; };
		338F72E127A7F1A7000F658B /* CommentHeaderView.swift in Sources */ = {isa = PBXBuildFile; fileRef = 338F72E027A7F1A7000F658B /* CommentHeaderView.swift */; };
		338F72E327A7F405000F658B /* CommentCell.swift in Sources */ = {isa = PBXBuildFile; fileRef = 338F72E227A7F405000F658B /* CommentCell.swift */; };
		339F8D2E279DDD3500A72947 /* APIRequest.swift in Sources */ = {isa = PBXBuildFile; fileRef = 339F8D2D279DDD3500A72947 /* APIRequest.swift */; };
		339F8D30279DDD5500A72947 /* API.swift in Sources */ = {isa = PBXBuildFile; fileRef = 339F8D2F279DDD5500A72947 /* API.swift */; };
		339F8D32279DDD8D00A72947 /* APITargetType.swift in Sources */ = {isa = PBXBuildFile; fileRef = 339F8D31279DDD8D00A72947 /* APITargetType.swift */; };
		339F8D3A279DDECB00A72947 /* SGS_NCNSApp.swift in Sources */ = {isa = PBXBuildFile; fileRef = 339F8D38279DDECB00A72947 /* SGS_NCNSApp.swift */; };
		339F8D3D279DDF8900A72947 /* SGS-NCNS-Info.plist in Resources */ = {isa = PBXBuildFile; fileRef = 339F8D3C279DDF8900A72947 /* SGS-NCNS-Info.plist */; };
		339F8D3F279E4A3300A72947 /* LoginViewModel.swift in Sources */ = {isa = PBXBuildFile; fileRef = 339F8D3E279E4A3300A72947 /* LoginViewModel.swift */; };
		339F8D41279ECF2F00A72947 /* LoginCustomTextField.swift in Sources */ = {isa = PBXBuildFile; fileRef = 339F8D40279ECF2F00A72947 /* LoginCustomTextField.swift */; };
		339F9A5E2790113900B12833 /* RecommandGridView.swift in Sources */ = {isa = PBXBuildFile; fileRef = 339F9A5D2790113900B12833 /* RecommandGridView.swift */; };
		339F9A6427915EB800B12833 /* UserStateView.swift in Sources */ = {isa = PBXBuildFile; fileRef = 339F9A6327915EB800B12833 /* UserStateView.swift */; };
		339F9A6627915FF200B12833 /* PostGridView.swift in Sources */ = {isa = PBXBuildFile; fileRef = 339F9A6527915FF200B12833 /* PostGridView.swift */; };
		339F9A6A2791693300B12833 /* UserListView.swift in Sources */ = {isa = PBXBuildFile; fileRef = 339F9A692791693300B12833 /* UserListView.swift */; };
		339F9A6C279169B000B12833 /* UserCell.swift in Sources */ = {isa = PBXBuildFile; fileRef = 339F9A6B279169B000B12833 /* UserCell.swift */; };
		339F9A6F2791970600B12833 /* HeartButton.swift in Sources */ = {isa = PBXBuildFile; fileRef = 339F9A6E2791970600B12833 /* HeartButton.swift */; };
		33B925CB27B10B8900EA90B2 /* FirebaseMessaging in Frameworks */ = {isa = PBXBuildFile; productRef = 33B925CA27B10B8900EA90B2 /* FirebaseMessaging */; };
		33B925CD27B10D6700EA90B2 /* GoogleService-Info.plist in Resources */ = {isa = PBXBuildFile; fileRef = 33B925CC27B10D6700EA90B2 /* GoogleService-Info.plist */; };
		33B925CF27B10D8700EA90B2 /* AppDelegate.swift in Sources */ = {isa = PBXBuildFile; fileRef = 33B925CE27B10D8700EA90B2 /* AppDelegate.swift */; };
		33BAB95527AB745600A92F43 /* CommentModel.swift in Sources */ = {isa = PBXBuildFile; fileRef = 33BAB95427AB745600A92F43 /* CommentModel.swift */; };
		33BAB95727AB746B00A92F43 /* FeedContentModel.swift in Sources */ = {isa = PBXBuildFile; fileRef = 33BAB95627AB746B00A92F43 /* FeedContentModel.swift */; };
		33BAB95927AB747700A92F43 /* FeedContentViewModel.swift in Sources */ = {isa = PBXBuildFile; fileRef = 33BAB95827AB747700A92F43 /* FeedContentViewModel.swift */; };
		33BAB95B27AB749200A92F43 /* FeedContentView.swift in Sources */ = {isa = PBXBuildFile; fileRef = 33BAB95A27AB749200A92F43 /* FeedContentView.swift */; };
		33BAB95D27AB92D500A92F43 /* FeedContentFilterView.swift in Sources */ = {isa = PBXBuildFile; fileRef = 33BAB95C27AB92D500A92F43 /* FeedContentFilterView.swift */; };
		33BAB96127AB9B6700A92F43 /* CommentViewModel.swift in Sources */ = {isa = PBXBuildFile; fileRef = 33BAB96027AB9B6700A92F43 /* CommentViewModel.swift */; };
		33BAB96327AB9F1500A92F43 /* CommentContentFilterView.swift in Sources */ = {isa = PBXBuildFile; fileRef = 33BAB96227AB9F1500A92F43 /* CommentContentFilterView.swift */; };
		33C0EF45277AF4FE00ECE5A4 /* Assets.xcassets in Resources */ = {isa = PBXBuildFile; fileRef = 33C0EF44277AF4FE00ECE5A4 /* Assets.xcassets */; };
		33C0EF48277AF4FE00ECE5A4 /* Preview Assets.xcassets in Resources */ = {isa = PBXBuildFile; fileRef = 33C0EF47277AF4FE00ECE5A4 /* Preview Assets.xcassets */; };
		33C3DCD827AFCD3300D33F80 /* CommentCreateView.swift in Sources */ = {isa = PBXBuildFile; fileRef = 33C3DCD727AFCD3300D33F80 /* CommentCreateView.swift */; };
		33C3DCDF27B0433000D33F80 /* FullScreenCoverCompat.swift in Sources */ = {isa = PBXBuildFile; fileRef = 33C3DCDE27B0433000D33F80 /* FullScreenCoverCompat.swift */; };
		33D462DE27ACE7F0002DE5A4 /* TabsView.swift in Sources */ = {isa = PBXBuildFile; fileRef = 33D462DD27ACE7F0002DE5A4 /* TabsView.swift */; };
		33E9EFF6279806FB00E582AF /* CommentView.swift in Sources */ = {isa = PBXBuildFile; fileRef = 33E9EFF5279806FB00E582AF /* CommentView.swift */; };
		33F071D0277CCE2000D54D12 /* Kingfisher in Frameworks */ = {isa = PBXBuildFile; productRef = 33F071CF277CCE2000D54D12 /* Kingfisher */; };
/* End PBXBuildFile section */

/* Begin PBXFileReference section */
		330F530827AE3BB800075EF6 /* PopularListView.swift */ = {isa = PBXFileReference; lastKnownFileType = sourcecode.swift; path = PopularListView.swift; sourceTree = "<group>"; };
		330F530A27AE3BE900075EF6 /* TagListView.swift */ = {isa = PBXFileReference; lastKnownFileType = sourcecode.swift; path = TagListView.swift; sourceTree = "<group>"; };
		330F530D27AEA01B00075EF6 /* ImagePageView.swift */ = {isa = PBXFileReference; lastKnownFileType = sourcecode.swift; path = ImagePageView.swift; sourceTree = "<group>"; };
		330F530F27AEBA8E00075EF6 /* ButtonFlatLinkStyle.swift */ = {isa = PBXFileReference; lastKnownFileType = sourcecode.swift; path = ButtonFlatLinkStyle.swift; sourceTree = "<group>"; };
		3310FFE0278674C300C157DC /* ContentView.swift */ = {isa = PBXFileReference; lastKnownFileType = sourcecode.swift; path = ContentView.swift; sourceTree = "<group>"; };
		3310FFE6278675C300C157DC /* MainTabView.swift */ = {isa = PBXFileReference; lastKnownFileType = sourcecode.swift; path = MainTabView.swift; sourceTree = "<group>"; };
		3310FFE82786761100C157DC /* ProfileView.swift */ = {isa = PBXFileReference; lastKnownFileType = sourcecode.swift; path = ProfileView.swift; sourceTree = "<group>"; };
		3310FFEA2786767000C157DC /* NotificationsView.swift */ = {isa = PBXFileReference; lastKnownFileType = sourcecode.swift; path = NotificationsView.swift; sourceTree = "<group>"; };
		3310FFEC2786769500C157DC /* SearchView.swift */ = {isa = PBXFileReference; lastKnownFileType = sourcecode.swift; path = SearchView.swift; sourceTree = "<group>"; };
		3310FFEE2786799900C157DC /* FeedView.swift */ = {isa = PBXFileReference; lastKnownFileType = sourcecode.swift; path = FeedView.swift; sourceTree = "<group>"; };
		3310FFF327868B4400C157DC /* FeedCell.swift */ = {isa = PBXFileReference; lastKnownFileType = sourcecode.swift; path = FeedCell.swift; sourceTree = "<group>"; };
		3310FFF62786A3F900C157DC /* Extensions.swift */ = {isa = PBXFileReference; lastKnownFileType = sourcecode.swift; path = Extensions.swift; sourceTree = "<group>"; };
		33112DA127A23A7F003C4679 /* ResponseModel.swift */ = {isa = PBXFileReference; lastKnownFileType = sourcecode.swift; path = ResponseModel.swift; sourceTree = "<group>"; };
		3329AE6827A1534800649F88 /* AppleUserAuthModel.swift */ = {isa = PBXFileReference; lastKnownFileType = sourcecode.swift; path = AppleUserAuthModel.swift; sourceTree = "<group>"; };
		33363E6D27A0E66900C44614 /* GoogleUserAuthModel.swift */ = {isa = PBXFileReference; lastKnownFileType = sourcecode.swift; path = GoogleUserAuthModel.swift; sourceTree = "<group>"; };
		33363E6F27A0E68000C44614 /* GoogleSignInButtonWrapper.swift */ = {isa = PBXFileReference; lastKnownFileType = sourcecode.swift; path = GoogleSignInButtonWrapper.swift; sourceTree = "<group>"; };
		33363E7527A0E78100C44614 /* UserSignUpModel.swift */ = {isa = PBXFileReference; lastKnownFileType = sourcecode.swift; path = UserSignUpModel.swift; sourceTree = "<group>"; };
		33363E7727A0E7C300C44614 /* SocialSignInModel.swift */ = {isa = PBXFileReference; lastKnownFileType = sourcecode.swift; path = SocialSignInModel.swift; sourceTree = "<group>"; };
		33363E7A27A1180C00C44614 /* SGS_NCNS.entitlements */ = {isa = PBXFileReference; lastKnownFileType = text.plist.entitlements; path = SGS_NCNS.entitlements; sourceTree = "<group>"; };
		33363E7E27A1343300C44614 /* AppleSignInButtonWrapper.swift */ = {isa = PBXFileReference; lastKnownFileType = sourcecode.swift; path = AppleSignInButtonWrapper.swift; sourceTree = "<group>"; };
		33590F2F27AA2DC9007C7C81 /* HashTagView.swift */ = {isa = PBXFileReference; lastKnownFileType = sourcecode.swift; path = HashTagView.swift; sourceTree = "<group>"; };
		33590F3127AA30DB007C7C81 /* ProfileSubView.swift */ = {isa = PBXFileReference; fileEncoding = 4; lastKnownFileType = sourcecode.swift; path = ProfileSubView.swift; sourceTree = "<group>"; };
		33590F3227AA30DB007C7C81 /* ProfileHeaderView.swift */ = {isa = PBXFileReference; fileEncoding = 4; lastKnownFileType = sourcecode.swift; path = ProfileHeaderView.swift; sourceTree = "<group>"; };
		33838BC02794414600196248 /* UploadPostView.swift */ = {isa = PBXFileReference; fileEncoding = 4; lastKnownFileType = sourcecode.swift; path = UploadPostView.swift; sourceTree = "<group>"; };
		33838BC22794415000196248 /* ImagePicker.swift */ = {isa = PBXFileReference; fileEncoding = 4; lastKnownFileType = sourcecode.swift; path = ImagePicker.swift; sourceTree = "<group>"; };
		33838BC82794443700196248 /* TextView.swift */ = {isa = PBXFileReference; lastKnownFileType = sourcecode.swift; path = TextView.swift; sourceTree = "<group>"; };
		33838BCB279484A900196248 /* LoginView.swift */ = {isa = PBXFileReference; lastKnownFileType = sourcecode.swift; path = LoginView.swift; sourceTree = "<group>"; };
		33838BCD279484B400196248 /* RegistrationView.swift */ = {isa = PBXFileReference; lastKnownFileType = sourcecode.swift; path = RegistrationView.swift; sourceTree = "<group>"; };
		33838BCF279484C800196248 /* ResetPasswordView.swift */ = {isa = PBXFileReference; lastKnownFileType = sourcecode.swift; path = ResetPasswordView.swift; sourceTree = "<group>"; };
		33838BD12794873500196248 /* CustomTextField.swift */ = {isa = PBXFileReference; lastKnownFileType = sourcecode.swift; path = CustomTextField.swift; sourceTree = "<group>"; };
		33838BD32794887100196248 /* CustomSecureField.swift */ = {isa = PBXFileReference; lastKnownFileType = sourcecode.swift; path = CustomSecureField.swift; sourceTree = "<group>"; };
		338F1E88278BBA5B0091B867 /* FeedContentViewtmp.swift */ = {isa = PBXFileReference; lastKnownFileType = sourcecode.swift; path = FeedContentViewtmp.swift; sourceTree = "<group>"; };
		338F1E8A278BC8A70091B867 /* SearchBar.swift */ = {isa = PBXFileReference; lastKnownFileType = sourcecode.swift; path = SearchBar.swift; sourceTree = "<group>"; };
		338F72DE27A7D649000F658B /* KeychainQuery.swift */ = {isa = PBXFileReference; fileEncoding = 4; lastKnownFileType = sourcecode.swift; path = KeychainQuery.swift; sourceTree = "<group>"; };
		338F72E027A7F1A7000F658B /* CommentHeaderView.swift */ = {isa = PBXFileReference; lastKnownFileType = sourcecode.swift; path = CommentHeaderView.swift; sourceTree = "<group>"; };
		338F72E227A7F405000F658B /* CommentCell.swift */ = {isa = PBXFileReference; lastKnownFileType = sourcecode.swift; path = CommentCell.swift; sourceTree = "<group>"; };
		339F8D2D279DDD3500A72947 /* APIRequest.swift */ = {isa = PBXFileReference; lastKnownFileType = sourcecode.swift; path = APIRequest.swift; sourceTree = "<group>"; };
		339F8D2F279DDD5500A72947 /* API.swift */ = {isa = PBXFileReference; lastKnownFileType = sourcecode.swift; path = API.swift; sourceTree = "<group>"; };
		339F8D31279DDD8D00A72947 /* APITargetType.swift */ = {isa = PBXFileReference; lastKnownFileType = sourcecode.swift; path = APITargetType.swift; sourceTree = "<group>"; };
		339F8D38279DDECB00A72947 /* SGS_NCNSApp.swift */ = {isa = PBXFileReference; fileEncoding = 4; lastKnownFileType = sourcecode.swift; path = SGS_NCNSApp.swift; sourceTree = "<group>"; };
		339F8D3C279DDF8900A72947 /* SGS-NCNS-Info.plist */ = {isa = PBXFileReference; lastKnownFileType = text.plist; path = "SGS-NCNS-Info.plist"; sourceTree = SOURCE_ROOT; };
		339F8D3E279E4A3300A72947 /* LoginViewModel.swift */ = {isa = PBXFileReference; lastKnownFileType = sourcecode.swift; path = LoginViewModel.swift; sourceTree = "<group>"; };
		339F8D40279ECF2F00A72947 /* LoginCustomTextField.swift */ = {isa = PBXFileReference; lastKnownFileType = sourcecode.swift; path = LoginCustomTextField.swift; sourceTree = "<group>"; };
		339F9A5D2790113900B12833 /* RecommandGridView.swift */ = {isa = PBXFileReference; lastKnownFileType = sourcecode.swift; path = RecommandGridView.swift; sourceTree = "<group>"; };
		339F9A6327915EB800B12833 /* UserStateView.swift */ = {isa = PBXFileReference; lastKnownFileType = sourcecode.swift; path = UserStateView.swift; sourceTree = "<group>"; };
		339F9A6527915FF200B12833 /* PostGridView.swift */ = {isa = PBXFileReference; lastKnownFileType = sourcecode.swift; path = PostGridView.swift; sourceTree = "<group>"; };
		339F9A692791693300B12833 /* UserListView.swift */ = {isa = PBXFileReference; lastKnownFileType = sourcecode.swift; path = UserListView.swift; sourceTree = "<group>"; };
		339F9A6B279169B000B12833 /* UserCell.swift */ = {isa = PBXFileReference; lastKnownFileType = sourcecode.swift; path = UserCell.swift; sourceTree = "<group>"; };
		339F9A6E2791970600B12833 /* HeartButton.swift */ = {isa = PBXFileReference; lastKnownFileType = sourcecode.swift; path = HeartButton.swift; sourceTree = "<group>"; };
		33B925CC27B10D6700EA90B2 /* GoogleService-Info.plist */ = {isa = PBXFileReference; fileEncoding = 4; lastKnownFileType = text.plist.xml; path = "GoogleService-Info.plist"; sourceTree = "<group>"; };
		33B925CE27B10D8700EA90B2 /* AppDelegate.swift */ = {isa = PBXFileReference; fileEncoding = 4; lastKnownFileType = sourcecode.swift; path = AppDelegate.swift; sourceTree = "<group>"; };
		33BAB95427AB745600A92F43 /* CommentModel.swift */ = {isa = PBXFileReference; fileEncoding = 4; lastKnownFileType = sourcecode.swift; path = CommentModel.swift; sourceTree = "<group>"; };
		33BAB95627AB746B00A92F43 /* FeedContentModel.swift */ = {isa = PBXFileReference; fileEncoding = 4; lastKnownFileType = sourcecode.swift; path = FeedContentModel.swift; sourceTree = "<group>"; };
		33BAB95827AB747700A92F43 /* FeedContentViewModel.swift */ = {isa = PBXFileReference; fileEncoding = 4; lastKnownFileType = sourcecode.swift; path = FeedContentViewModel.swift; sourceTree = "<group>"; };
		33BAB95A27AB749200A92F43 /* FeedContentView.swift */ = {isa = PBXFileReference; lastKnownFileType = sourcecode.swift; path = FeedContentView.swift; sourceTree = "<group>"; };
		33BAB95C27AB92D500A92F43 /* FeedContentFilterView.swift */ = {isa = PBXFileReference; lastKnownFileType = sourcecode.swift; path = FeedContentFilterView.swift; sourceTree = "<group>"; };
		33BAB96027AB9B6700A92F43 /* CommentViewModel.swift */ = {isa = PBXFileReference; lastKnownFileType = sourcecode.swift; path = CommentViewModel.swift; sourceTree = "<group>"; };
		33BAB96227AB9F1500A92F43 /* CommentContentFilterView.swift */ = {isa = PBXFileReference; lastKnownFileType = sourcecode.swift; path = CommentContentFilterView.swift; sourceTree = "<group>"; };
		33C0EF3D277AF4FB00ECE5A4 /* SGS_NCNS.app */ = {isa = PBXFileReference; explicitFileType = wrapper.application; includeInIndex = 0; path = SGS_NCNS.app; sourceTree = BUILT_PRODUCTS_DIR; };
		33C0EF44277AF4FE00ECE5A4 /* Assets.xcassets */ = {isa = PBXFileReference; lastKnownFileType = folder.assetcatalog; path = Assets.xcassets; sourceTree = "<group>"; };
		33C0EF47277AF4FE00ECE5A4 /* Preview Assets.xcassets */ = {isa = PBXFileReference; lastKnownFileType = folder.assetcatalog; path = "Preview Assets.xcassets"; sourceTree = "<group>"; };
		33C3DCD727AFCD3300D33F80 /* CommentCreateView.swift */ = {isa = PBXFileReference; lastKnownFileType = sourcecode.swift; path = CommentCreateView.swift; sourceTree = "<group>"; };
		33C3DCDE27B0433000D33F80 /* FullScreenCoverCompat.swift */ = {isa = PBXFileReference; lastKnownFileType = sourcecode.swift; path = FullScreenCoverCompat.swift; sourceTree = "<group>"; };
		33D462DD27ACE7F0002DE5A4 /* TabsView.swift */ = {isa = PBXFileReference; lastKnownFileType = sourcecode.swift; path = TabsView.swift; sourceTree = "<group>"; };
		33E9EFF5279806FB00E582AF /* CommentView.swift */ = {isa = PBXFileReference; lastKnownFileType = sourcecode.swift; path = CommentView.swift; sourceTree = "<group>"; };
		566B2BCA5484F230B3877D28 /* Pods-SGS_NCNS.release.xcconfig */ = {isa = PBXFileReference; includeInIndex = 1; lastKnownFileType = text.xcconfig; name = "Pods-SGS_NCNS.release.xcconfig"; path = "Target Support Files/Pods-SGS_NCNS/Pods-SGS_NCNS.release.xcconfig"; sourceTree = "<group>"; };
		A26F3D315ADFBCFAD6DE6A8A /* Pods_SGS_NCNS.framework */ = {isa = PBXFileReference; explicitFileType = wrapper.framework; includeInIndex = 0; path = Pods_SGS_NCNS.framework; sourceTree = BUILT_PRODUCTS_DIR; };
		F1CFD19C522C6CFE196A3EFB /* Pods-SGS_NCNS.debug.xcconfig */ = {isa = PBXFileReference; includeInIndex = 1; lastKnownFileType = text.xcconfig; name = "Pods-SGS_NCNS.debug.xcconfig"; path = "Target Support Files/Pods-SGS_NCNS/Pods-SGS_NCNS.debug.xcconfig"; sourceTree = "<group>"; };
/* End PBXFileReference section */

/* Begin PBXFrameworksBuildPhase section */
		33C0EF3A277AF4FB00ECE5A4 /* Frameworks */ = {
			isa = PBXFrameworksBuildPhase;
			buildActionMask = 2147483647;
			files = (
				33F071D0277CCE2000D54D12 /* Kingfisher in Frameworks */,
				33363E6A27A0E5F200C44614 /* GoogleSignIn in Frameworks */,
				33B925CB27B10B8900EA90B2 /* FirebaseMessaging in Frameworks */,
				0655ECCB2D4665798E37FF92 /* Pods_SGS_NCNS.framework in Frameworks */,
				33363E6727A0E5C100C44614 /* JWTDecode in Frameworks */,
			);
			runOnlyForDeploymentPostprocessing = 0;
		};
/* End PBXFrameworksBuildPhase section */

/* Begin PBXGroup section */
		330F530C27AE3BF000075EF6 /* SearchListView */ = {
			isa = PBXGroup;
			children = (
				330F530827AE3BB800075EF6 /* PopularListView.swift */,
				339F9A692791693300B12833 /* UserListView.swift */,
				330F530A27AE3BE900075EF6 /* TagListView.swift */,
			);
			path = SearchListView;
			sourceTree = "<group>";
		};
		3310FFD027866F3400C157DC /* View */ = {
			isa = PBXGroup;
			children = (
				33838BCA2794849900196248 /* Authentication */,
				3310FFDF278673D400C157DC /* Items */,
				3310FFD72786731600C157DC /* Main */,
				3310FFDA2786731C00C157DC /* Feed */,
				3310FFDB2786732000C157DC /* Search */,
				3310FFD82786731900C157DC /* UploadPost */,
				3310FFDD2786737B00C157DC /* Notifications */,
				3310FFD92786731B00C157DC /* Profile */,
				3310FFDE278673C200C157DC /* Comments */,
				33590F2E27AA2DB2007C7C81 /* HashTag */,
			);
			path = View;
			sourceTree = "<group>";
		};
		3310FFD127866F3800C157DC /* ViewModel */ = {
			isa = PBXGroup;
			children = (
				3310FFE3278674F300C157DC /* Authentication */,
				3310FFE4278674F800C157DC /* Notifications */,
				3310FFE52786750100C157DC /* Feed */,
				3310FFE2278674EC00C157DC /* Profile */,
				33BAB95F27AB9B3D00A92F43 /* Comments */,
			);
			path = ViewModel;
			sourceTree = "<group>";
		};
		3310FFD227866F3A00C157DC /* Model */ = {
			isa = PBXGroup;
			children = (
				33BAB95427AB745600A92F43 /* CommentModel.swift */,
				33BAB95627AB746B00A92F43 /* FeedContentModel.swift */,
				33363E6127A0D20600C44614 /* Authentication */,
			);
			path = Model;
			sourceTree = "<group>";
		};
		3310FFD427866F3D00C157DC /* Utils */ = {
			isa = PBXGroup;
			children = (
				33838BD32794887100196248 /* CustomSecureField.swift */,
				33838BD12794873500196248 /* CustomTextField.swift */,
				3310FFF62786A3F900C157DC /* Extensions.swift */,
				33838BC22794415000196248 /* ImagePicker.swift */,
				338F72DE27A7D649000F658B /* KeychainQuery.swift */,
				339F8D40279ECF2F00A72947 /* LoginCustomTextField.swift */,
				33838BC82794443700196248 /* TextView.swift */,
				330F530F27AEBA8E00075EF6 /* ButtonFlatLinkStyle.swift */,
			);
			path = Utils;
			sourceTree = "<group>";
		};
		3310FFD627866FD900C157DC /* Resources */ = {
			isa = PBXGroup;
			children = (
				33C0EF44277AF4FE00ECE5A4 /* Assets.xcassets */,
			);
			path = Resources;
			sourceTree = "<group>";
		};
		3310FFD72786731600C157DC /* Main */ = {
			isa = PBXGroup;
			children = (
				3310FFE0278674C300C157DC /* ContentView.swift */,
				3310FFE6278675C300C157DC /* MainTabView.swift */,
			);
			path = Main;
			sourceTree = "<group>";
		};
		3310FFD82786731900C157DC /* UploadPost */ = {
			isa = PBXGroup;
			children = (
				33838BC02794414600196248 /* UploadPostView.swift */,
			);
			path = UploadPost;
			sourceTree = "<group>";
		};
		3310FFD92786731B00C157DC /* Profile */ = {
			isa = PBXGroup;
			children = (
				3310FFE82786761100C157DC /* ProfileView.swift */,
				33590F3127AA30DB007C7C81 /* ProfileSubView.swift */,
				33590F3227AA30DB007C7C81 /* ProfileHeaderView.swift */,
				339F9A6327915EB800B12833 /* UserStateView.swift */,
			);
			path = Profile;
			sourceTree = "<group>";
		};
		3310FFDA2786731C00C157DC /* Feed */ = {
			isa = PBXGroup;
			children = (
				3310FFEE2786799900C157DC /* FeedView.swift */,
				3310FFF327868B4400C157DC /* FeedCell.swift */,
				33BAB95A27AB749200A92F43 /* FeedContentView.swift */,
				339F9A6E2791970600B12833 /* HeartButton.swift */,
				338F1E88278BBA5B0091B867 /* FeedContentViewtmp.swift */,
			);
			path = Feed;
			sourceTree = "<group>";
		};
		3310FFDB2786732000C157DC /* Search */ = {
			isa = PBXGroup;
			children = (
				330F530C27AE3BF000075EF6 /* SearchListView */,
				3310FFEC2786769500C157DC /* SearchView.swift */,
				338F1E8A278BC8A70091B867 /* SearchBar.swift */,
			);
			path = Search;
			sourceTree = "<group>";
		};
		3310FFDD2786737B00C157DC /* Notifications */ = {
			isa = PBXGroup;
			children = (
				3310FFEA2786767000C157DC /* NotificationsView.swift */,
			);
			path = Notifications;
			sourceTree = "<group>";
		};
		3310FFDE278673C200C157DC /* Comments */ = {
			isa = PBXGroup;
			children = (
				33E9EFF5279806FB00E582AF /* CommentView.swift */,
				338F72E027A7F1A7000F658B /* CommentHeaderView.swift */,
				338F72E227A7F405000F658B /* CommentCell.swift */,
				33C3DCD727AFCD3300D33F80 /* CommentCreateView.swift */,
			);
			path = Comments;
			sourceTree = "<group>";
		};
		3310FFDF278673D400C157DC /* Items */ = {
			isa = PBXGroup;
			children = (
				339F9A5D2790113900B12833 /* RecommandGridView.swift */,
				339F9A6527915FF200B12833 /* PostGridView.swift */,
				339F9A6B279169B000B12833 /* UserCell.swift */,
				33BAB95C27AB92D500A92F43 /* FeedContentFilterView.swift */,
				33BAB96227AB9F1500A92F43 /* CommentContentFilterView.swift */,
				33D462DD27ACE7F0002DE5A4 /* TabsView.swift */,
				330F530D27AEA01B00075EF6 /* ImagePageView.swift */,
				33C3DCDE27B0433000D33F80 /* FullScreenCoverCompat.swift */,
			);
			path = Items;
			sourceTree = "<group>";
		};
		3310FFE2278674EC00C157DC /* Profile */ = {
			isa = PBXGroup;
			children = (
			);
			path = Profile;
			sourceTree = "<group>";
		};
		3310FFE3278674F300C157DC /* Authentication */ = {
			isa = PBXGroup;
			children = (
				3329AE6727A1532A00649F88 /* SignInWithApple */,
				33363E7927A0E86C00C44614 /* SignInWithGoogle */,
				339F8D3E279E4A3300A72947 /* LoginViewModel.swift */,
			);
			path = Authentication;
			sourceTree = "<group>";
		};
		3310FFE4278674F800C157DC /* Notifications */ = {
			isa = PBXGroup;
			children = (
			);
			path = Notifications;
			sourceTree = "<group>";
		};
		3310FFE52786750100C157DC /* Feed */ = {
			isa = PBXGroup;
			children = (
				33BAB95827AB747700A92F43 /* FeedContentViewModel.swift */,
			);
			path = Feed;
			sourceTree = "<group>";
		};
		3329AE6727A1532A00649F88 /* SignInWithApple */ = {
			isa = PBXGroup;
			children = (
				3329AE6827A1534800649F88 /* AppleUserAuthModel.swift */,
			);
			path = SignInWithApple;
			sourceTree = "<group>";
		};
		33363E6127A0D20600C44614 /* Authentication */ = {
			isa = PBXGroup;
			children = (
				33363E7727A0E7C300C44614 /* SocialSignInModel.swift */,
				33363E7527A0E78100C44614 /* UserSignUpModel.swift */,
			);
			path = Authentication;
			sourceTree = "<group>";
		};
		33363E6B27A0E62600C44614 /* SignInWithApple */ = {
			isa = PBXGroup;
			children = (
				33363E7E27A1343300C44614 /* AppleSignInButtonWrapper.swift */,
			);
			path = SignInWithApple;
			sourceTree = "<group>";
		};
		33363E6C27A0E62A00C44614 /* SignInWithGoogle */ = {
			isa = PBXGroup;
			children = (
				33363E6F27A0E68000C44614 /* GoogleSignInButtonWrapper.swift */,
			);
			path = SignInWithGoogle;
			sourceTree = "<group>";
		};
		33363E7927A0E86C00C44614 /* SignInWithGoogle */ = {
			isa = PBXGroup;
			children = (
				33363E6D27A0E66900C44614 /* GoogleUserAuthModel.swift */,
			);
			path = SignInWithGoogle;
			sourceTree = "<group>";
		};
		33590F2E27AA2DB2007C7C81 /* HashTag */ = {
			isa = PBXGroup;
			children = (
				33590F2F27AA2DC9007C7C81 /* HashTagView.swift */,
			);
			path = HashTag;
			sourceTree = "<group>";
		};
		33838BCA2794849900196248 /* Authentication */ = {
			isa = PBXGroup;
			children = (
				33363E6B27A0E62600C44614 /* SignInWithApple */,
				33363E6C27A0E62A00C44614 /* SignInWithGoogle */,
				33838BCB279484A900196248 /* LoginView.swift */,
				33838BCD279484B400196248 /* RegistrationView.swift */,
				33838BCF279484C800196248 /* ResetPasswordView.swift */,
			);
			path = Authentication;
			sourceTree = "<group>";
		};
		339F8D2C279DDD2700A72947 /* Network */ = {
			isa = PBXGroup;
			children = (
				339F8D2F279DDD5500A72947 /* API.swift */,
				339F8D2D279DDD3500A72947 /* APIRequest.swift */,
				339F8D31279DDD8D00A72947 /* APITargetType.swift */,
				33112DA127A23A7F003C4679 /* ResponseModel.swift */,
			);
			path = Network;
			sourceTree = "<group>";
		};
		33BAB95F27AB9B3D00A92F43 /* Comments */ = {
			isa = PBXGroup;
			children = (
				33BAB96027AB9B6700A92F43 /* CommentViewModel.swift */,
			);
			path = Comments;
			sourceTree = "<group>";
		};
		33C0EF34277AF4FB00ECE5A4 = {
			isa = PBXGroup;
			children = (
				33C0EF3F277AF4FB00ECE5A4 /* SGS_NCNS */,
				33C0EF3E277AF4FB00ECE5A4 /* Products */,
				AFD38DC03F1CD46EB4AC333E /* Pods */,
				C6C0DB52E22EC9B784B100EB /* Frameworks */,
			);
			sourceTree = "<group>";
		};
		33C0EF3E277AF4FB00ECE5A4 /* Products */ = {
			isa = PBXGroup;
			children = (
				33C0EF3D277AF4FB00ECE5A4 /* SGS_NCNS.app */,
			);
			name = Products;
			sourceTree = "<group>";
		};
		33C0EF3F277AF4FB00ECE5A4 /* SGS_NCNS */ = {
			isa = PBXGroup;
			children = (
				33363E7A27A1180C00C44614 /* SGS_NCNS.entitlements */,
				339F8D3C279DDF8900A72947 /* SGS-NCNS-Info.plist */,
				33B925CC27B10D6700EA90B2 /* GoogleService-Info.plist */,
				339F8D38279DDECB00A72947 /* SGS_NCNSApp.swift */,
				33B925CE27B10D8700EA90B2 /* AppDelegate.swift */,
				339F8D2C279DDD2700A72947 /* Network */,
				3310FFD227866F3A00C157DC /* Model */,
				3310FFD127866F3800C157DC /* ViewModel */,
				3310FFD027866F3400C157DC /* View */,
				33C0EF46277AF4FE00ECE5A4 /* Preview Content */,
				3310FFD627866FD900C157DC /* Resources */,
				3310FFD427866F3D00C157DC /* Utils */,
			);
			path = SGS_NCNS;
			sourceTree = "<group>";
		};
		33C0EF46277AF4FE00ECE5A4 /* Preview Content */ = {
			isa = PBXGroup;
			children = (
				33C0EF47277AF4FE00ECE5A4 /* Preview Assets.xcassets */,
			);
			path = "Preview Content";
			sourceTree = "<group>";
		};
		AFD38DC03F1CD46EB4AC333E /* Pods */ = {
			isa = PBXGroup;
			children = (
				F1CFD19C522C6CFE196A3EFB /* Pods-SGS_NCNS.debug.xcconfig */,
				566B2BCA5484F230B3877D28 /* Pods-SGS_NCNS.release.xcconfig */,
			);
			path = Pods;
			sourceTree = "<group>";
		};
		C6C0DB52E22EC9B784B100EB /* Frameworks */ = {
			isa = PBXGroup;
			children = (
				A26F3D315ADFBCFAD6DE6A8A /* Pods_SGS_NCNS.framework */,
			);
			name = Frameworks;
			sourceTree = "<group>";
		};
/* End PBXGroup section */

/* Begin PBXNativeTarget section */
		33C0EF3C277AF4FB00ECE5A4 /* SGS_NCNS */ = {
			isa = PBXNativeTarget;
			buildConfigurationList = 33C0EF4B277AF4FE00ECE5A4 /* Build configuration list for PBXNativeTarget "SGS_NCNS" */;
			buildPhases = (
				639E0CC6B713A9F772FBA3F9 /* [CP] Check Pods Manifest.lock */,
				33C0EF39277AF4FB00ECE5A4 /* Sources */,
				33C0EF3A277AF4FB00ECE5A4 /* Frameworks */,
				33C0EF3B277AF4FB00ECE5A4 /* Resources */,
				89CE0E5D7BF75AC3B12B70C9 /* [CP] Embed Pods Frameworks */,
			);
			buildRules = (
			);
			dependencies = (
			);
			name = SGS_NCNS;
			packageProductDependencies = (
				33F071CF277CCE2000D54D12 /* Kingfisher */,
				33363E6627A0E5C100C44614 /* JWTDecode */,
				33363E6927A0E5F200C44614 /* GoogleSignIn */,
				33B925CA27B10B8900EA90B2 /* FirebaseMessaging */,
			);
			productName = SGS_NCNS;
			productReference = 33C0EF3D277AF4FB00ECE5A4 /* SGS_NCNS.app */;
			productType = "com.apple.product-type.application";
		};
/* End PBXNativeTarget section */

/* Begin PBXProject section */
		33C0EF35277AF4FB00ECE5A4 /* Project object */ = {
			isa = PBXProject;
			attributes = {
				BuildIndependentTargetsInParallel = 1;
				LastSwiftUpdateCheck = 1310;
				LastUpgradeCheck = 1310;
				TargetAttributes = {
					33C0EF3C277AF4FB00ECE5A4 = {
						CreatedOnToolsVersion = 13.1;
					};
				};
			};
			buildConfigurationList = 33C0EF38277AF4FB00ECE5A4 /* Build configuration list for PBXProject "SGS_NCNS" */;
			compatibilityVersion = "Xcode 13.0";
			developmentRegion = en;
			hasScannedForEncodings = 0;
			knownRegions = (
				en,
				Base,
			);
			mainGroup = 33C0EF34277AF4FB00ECE5A4;
			packageReferences = (
				33F071CE277CCE2000D54D12 /* XCRemoteSwiftPackageReference "Kingfisher" */,
				33363E6527A0E5C100C44614 /* XCRemoteSwiftPackageReference "JWTDecode.swift" */,
				33363E6827A0E5F200C44614 /* XCRemoteSwiftPackageReference "GoogleSignIn-iOS" */,
				33B925C927B10B8900EA90B2 /* XCRemoteSwiftPackageReference "firebase-ios-sdk" */,
			);
			productRefGroup = 33C0EF3E277AF4FB00ECE5A4 /* Products */;
			projectDirPath = "";
			projectRoot = "";
			targets = (
				33C0EF3C277AF4FB00ECE5A4 /* SGS_NCNS */,
			);
		};
/* End PBXProject section */

/* Begin PBXResourcesBuildPhase section */
		33C0EF3B277AF4FB00ECE5A4 /* Resources */ = {
			isa = PBXResourcesBuildPhase;
			buildActionMask = 2147483647;
			files = (
				339F8D3D279DDF8900A72947 /* SGS-NCNS-Info.plist in Resources */,
				33C0EF48277AF4FE00ECE5A4 /* Preview Assets.xcassets in Resources */,
				33C0EF45277AF4FE00ECE5A4 /* Assets.xcassets in Resources */,
				33B925CD27B10D6700EA90B2 /* GoogleService-Info.plist in Resources */,
			);
			runOnlyForDeploymentPostprocessing = 0;
		};
/* End PBXResourcesBuildPhase section */

/* Begin PBXShellScriptBuildPhase section */
		639E0CC6B713A9F772FBA3F9 /* [CP] Check Pods Manifest.lock */ = {
			isa = PBXShellScriptBuildPhase;
			buildActionMask = 2147483647;
			files = (
			);
			inputFileListPaths = (
			);
			inputPaths = (
				"${PODS_PODFILE_DIR_PATH}/Podfile.lock",
				"${PODS_ROOT}/Manifest.lock",
			);
			name = "[CP] Check Pods Manifest.lock";
			outputFileListPaths = (
			);
			outputPaths = (
				"$(DERIVED_FILE_DIR)/Pods-SGS_NCNS-checkManifestLockResult.txt",
			);
			runOnlyForDeploymentPostprocessing = 0;
			shellPath = /bin/sh;
			shellScript = "diff \"${PODS_PODFILE_DIR_PATH}/Podfile.lock\" \"${PODS_ROOT}/Manifest.lock\" > /dev/null\nif [ $? != 0 ] ; then\n    # print error to STDERR\n    echo \"error: The sandbox is not in sync with the Podfile.lock. Run 'pod install' or update your CocoaPods installation.\" >&2\n    exit 1\nfi\n# This output is used by Xcode 'outputs' to avoid re-running this script phase.\necho \"SUCCESS\" > \"${SCRIPT_OUTPUT_FILE_0}\"\n";
			showEnvVarsInLog = 0;
		};
		89CE0E5D7BF75AC3B12B70C9 /* [CP] Embed Pods Frameworks */ = {
			isa = PBXShellScriptBuildPhase;
			buildActionMask = 2147483647;
			files = (
			);
			inputFileListPaths = (
				"${PODS_ROOT}/Target Support Files/Pods-SGS_NCNS/Pods-SGS_NCNS-frameworks-${CONFIGURATION}-input-files.xcfilelist",
			);
			name = "[CP] Embed Pods Frameworks";
			outputFileListPaths = (
				"${PODS_ROOT}/Target Support Files/Pods-SGS_NCNS/Pods-SGS_NCNS-frameworks-${CONFIGURATION}-output-files.xcfilelist",
			);
			runOnlyForDeploymentPostprocessing = 0;
			shellPath = /bin/sh;
			shellScript = "\"${PODS_ROOT}/Target Support Files/Pods-SGS_NCNS/Pods-SGS_NCNS-frameworks.sh\"\n";
			showEnvVarsInLog = 0;
		};
/* End PBXShellScriptBuildPhase section */

/* Begin PBXSourcesBuildPhase section */
		33C0EF39277AF4FB00ECE5A4 /* Sources */ = {
			isa = PBXSourcesBuildPhase;
			buildActionMask = 2147483647;
			files = (
				33112DA227A23A7F003C4679 /* ResponseModel.swift in Sources */,
				33BAB95727AB746B00A92F43 /* FeedContentModel.swift in Sources */,
				33838BD22794873500196248 /* CustomTextField.swift in Sources */,
				33BAB95527AB745600A92F43 /* CommentModel.swift in Sources */,
				339F8D32279DDD8D00A72947 /* APITargetType.swift in Sources */,
				338F1EAC278CB0FD0091B867 /* Extensions.swift in Sources */,
				33D462DE27ACE7F0002DE5A4 /* TabsView.swift in Sources */,
				3310FFEF2786799900C157DC /* FeedView.swift in Sources */,
				339F9A6A2791693300B12833 /* UserListView.swift in Sources */,
				3329AE6927A1534800649F88 /* AppleUserAuthModel.swift in Sources */,
				33590F3427AA30DB007C7C81 /* ProfileHeaderView.swift in Sources */,
				33590F3027AA2DC9007C7C81 /* HashTagView.swift in Sources */,
				33363E7627A0E78100C44614 /* UserSignUpModel.swift in Sources */,
				33838BD0279484C800196248 /* ResetPasswordView.swift in Sources */,
				33C3DCDF27B0433000D33F80 /* FullScreenCoverCompat.swift in Sources */,
				33838BCE279484B400196248 /* RegistrationView.swift in Sources */,
				33838BC12794414600196248 /* UploadPostView.swift in Sources */,
				33C3DCD827AFCD3300D33F80 /* CommentCreateView.swift in Sources */,
				33E9EFF6279806FB00E582AF /* CommentView.swift in Sources */,
				33BAB96127AB9B6700A92F43 /* CommentViewModel.swift in Sources */,
				338F72DF27A7D649000F658B /* KeychainQuery.swift in Sources */,
				338F72E327A7F405000F658B /* CommentCell.swift in Sources */,
				33590F3327AA30DB007C7C81 /* ProfileSubView.swift in Sources */,
				33363E7827A0E7C300C44614 /* SocialSignInModel.swift in Sources */,
				3310FFE92786761100C157DC /* ProfileView.swift in Sources */,
				3310FFE1278674C300C157DC /* ContentView.swift in Sources */,
				3310FFE7278675C300C157DC /* MainTabView.swift in Sources */,
				339F8D3F279E4A3300A72947 /* LoginViewModel.swift in Sources */,
				33BAB95D27AB92D500A92F43 /* FeedContentFilterView.swift in Sources */,
				33838BC92794443700196248 /* TextView.swift in Sources */,
				33363E6E27A0E66900C44614 /* GoogleUserAuthModel.swift in Sources */,
				33363E7F27A1343300C44614 /* AppleSignInButtonWrapper.swift in Sources */,
				330F530E27AEA01B00075EF6 /* ImagePageView.swift in Sources */,
				330F530B27AE3BE900075EF6 /* TagListView.swift in Sources */,
				339F8D2E279DDD3500A72947 /* APIRequest.swift in Sources */,
				339F9A6C279169B000B12833 /* UserCell.swift in Sources */,
				339F9A5E2790113900B12833 /* RecommandGridView.swift in Sources */,
				33838BCC279484A900196248 /* LoginView.swift in Sources */,
				33838BD42794887100196248 /* CustomSecureField.swift in Sources */,
				339F9A6427915EB800B12833 /* UserStateView.swift in Sources */,
				330F531027AEBA8F00075EF6 /* ButtonFlatLinkStyle.swift in Sources */,
				33838BC32794415000196248 /* ImagePicker.swift in Sources */,
				339F8D30279DDD5500A72947 /* API.swift in Sources */,
				338F1E89278BBA5B0091B867 /* FeedContentViewtmp.swift in Sources */,
				33BAB96327AB9F1500A92F43 /* CommentContentFilterView.swift in Sources */,
				3310FFED2786769500C157DC /* SearchView.swift in Sources */,
				339F8D41279ECF2F00A72947 /* LoginCustomTextField.swift in Sources */,
				3310FFEB2786767000C157DC /* NotificationsView.swift in Sources */,
				33363E7027A0E68000C44614 /* GoogleSignInButtonWrapper.swift in Sources */,
				338F1E8B278BC8A70091B867 /* SearchBar.swift in Sources */,
				3310FFF427868B4400C157DC /* FeedCell.swift in Sources */,
				339F8D3A279DDECB00A72947 /* SGS_NCNSApp.swift in Sources */,
				339F9A6627915FF200B12833 /* PostGridView.swift in Sources */,
				339F9A6F2791970600B12833 /* HeartButton.swift in Sources */,
				33BAB95B27AB749200A92F43 /* FeedContentView.swift in Sources */,
				33BAB95927AB747700A92F43 /* FeedContentViewModel.swift in Sources */,
				338F72E127A7F1A7000F658B /* CommentHeaderView.swift in Sources */,
				33B925CF27B10D8700EA90B2 /* AppDelegate.swift in Sources */,
				330F530927AE3BB800075EF6 /* PopularListView.swift in Sources */,
			);
			runOnlyForDeploymentPostprocessing = 0;
		};
/* End PBXSourcesBuildPhase section */

/* Begin XCBuildConfiguration section */
		33C0EF49277AF4FE00ECE5A4 /* Debug */ = {
			isa = XCBuildConfiguration;
			buildSettings = {
				ALWAYS_SEARCH_USER_PATHS = NO;
				CLANG_ANALYZER_NONNULL = YES;
				CLANG_ANALYZER_NUMBER_OBJECT_CONVERSION = YES_AGGRESSIVE;
				CLANG_CXX_LANGUAGE_STANDARD = "gnu++17";
				CLANG_CXX_LIBRARY = "libc++";
				CLANG_ENABLE_MODULES = YES;
				CLANG_ENABLE_OBJC_ARC = YES;
				CLANG_ENABLE_OBJC_WEAK = YES;
				CLANG_WARN_BLOCK_CAPTURE_AUTORELEASING = YES;
				CLANG_WARN_BOOL_CONVERSION = YES;
				CLANG_WARN_COMMA = YES;
				CLANG_WARN_CONSTANT_CONVERSION = YES;
				CLANG_WARN_DEPRECATED_OBJC_IMPLEMENTATIONS = YES;
				CLANG_WARN_DIRECT_OBJC_ISA_USAGE = YES_ERROR;
				CLANG_WARN_DOCUMENTATION_COMMENTS = YES;
				CLANG_WARN_EMPTY_BODY = YES;
				CLANG_WARN_ENUM_CONVERSION = YES;
				CLANG_WARN_INFINITE_RECURSION = YES;
				CLANG_WARN_INT_CONVERSION = YES;
				CLANG_WARN_NON_LITERAL_NULL_CONVERSION = YES;
				CLANG_WARN_OBJC_IMPLICIT_RETAIN_SELF = YES;
				CLANG_WARN_OBJC_LITERAL_CONVERSION = YES;
				CLANG_WARN_OBJC_ROOT_CLASS = YES_ERROR;
				CLANG_WARN_QUOTED_INCLUDE_IN_FRAMEWORK_HEADER = YES;
				CLANG_WARN_RANGE_LOOP_ANALYSIS = YES;
				CLANG_WARN_STRICT_PROTOTYPES = YES;
				CLANG_WARN_SUSPICIOUS_MOVE = YES;
				CLANG_WARN_UNGUARDED_AVAILABILITY = YES_AGGRESSIVE;
				CLANG_WARN_UNREACHABLE_CODE = YES;
				CLANG_WARN__DUPLICATE_METHOD_MATCH = YES;
				COPY_PHASE_STRIP = NO;
				DEBUG_INFORMATION_FORMAT = dwarf;
				ENABLE_STRICT_OBJC_MSGSEND = YES;
				ENABLE_TESTABILITY = YES;
				GCC_C_LANGUAGE_STANDARD = gnu11;
				GCC_DYNAMIC_NO_PIC = NO;
				GCC_NO_COMMON_BLOCKS = YES;
				GCC_OPTIMIZATION_LEVEL = 0;
				GCC_PREPROCESSOR_DEFINITIONS = (
					"DEBUG=1",
					"$(inherited)",
				);
				GCC_WARN_64_TO_32_BIT_CONVERSION = YES;
				GCC_WARN_ABOUT_RETURN_TYPE = YES_ERROR;
				GCC_WARN_UNDECLARED_SELECTOR = YES;
				GCC_WARN_UNINITIALIZED_AUTOS = YES_AGGRESSIVE;
				GCC_WARN_UNUSED_FUNCTION = YES;
				GCC_WARN_UNUSED_VARIABLE = YES;
				IPHONEOS_DEPLOYMENT_TARGET = 15.0;
				MTL_ENABLE_DEBUG_INFO = INCLUDE_SOURCE;
				MTL_FAST_MATH = YES;
				ONLY_ACTIVE_ARCH = YES;
				SDKROOT = iphoneos;
				SWIFT_ACTIVE_COMPILATION_CONDITIONS = DEBUG;
				SWIFT_OPTIMIZATION_LEVEL = "-Onone";
			};
			name = Debug;
		};
		33C0EF4A277AF4FE00ECE5A4 /* Release */ = {
			isa = XCBuildConfiguration;
			buildSettings = {
				ALWAYS_SEARCH_USER_PATHS = NO;
				CLANG_ANALYZER_NONNULL = YES;
				CLANG_ANALYZER_NUMBER_OBJECT_CONVERSION = YES_AGGRESSIVE;
				CLANG_CXX_LANGUAGE_STANDARD = "gnu++17";
				CLANG_CXX_LIBRARY = "libc++";
				CLANG_ENABLE_MODULES = YES;
				CLANG_ENABLE_OBJC_ARC = YES;
				CLANG_ENABLE_OBJC_WEAK = YES;
				CLANG_WARN_BLOCK_CAPTURE_AUTORELEASING = YES;
				CLANG_WARN_BOOL_CONVERSION = YES;
				CLANG_WARN_COMMA = YES;
				CLANG_WARN_CONSTANT_CONVERSION = YES;
				CLANG_WARN_DEPRECATED_OBJC_IMPLEMENTATIONS = YES;
				CLANG_WARN_DIRECT_OBJC_ISA_USAGE = YES_ERROR;
				CLANG_WARN_DOCUMENTATION_COMMENTS = YES;
				CLANG_WARN_EMPTY_BODY = YES;
				CLANG_WARN_ENUM_CONVERSION = YES;
				CLANG_WARN_INFINITE_RECURSION = YES;
				CLANG_WARN_INT_CONVERSION = YES;
				CLANG_WARN_NON_LITERAL_NULL_CONVERSION = YES;
				CLANG_WARN_OBJC_IMPLICIT_RETAIN_SELF = YES;
				CLANG_WARN_OBJC_LITERAL_CONVERSION = YES;
				CLANG_WARN_OBJC_ROOT_CLASS = YES_ERROR;
				CLANG_WARN_QUOTED_INCLUDE_IN_FRAMEWORK_HEADER = YES;
				CLANG_WARN_RANGE_LOOP_ANALYSIS = YES;
				CLANG_WARN_STRICT_PROTOTYPES = YES;
				CLANG_WARN_SUSPICIOUS_MOVE = YES;
				CLANG_WARN_UNGUARDED_AVAILABILITY = YES_AGGRESSIVE;
				CLANG_WARN_UNREACHABLE_CODE = YES;
				CLANG_WARN__DUPLICATE_METHOD_MATCH = YES;
				COPY_PHASE_STRIP = NO;
				DEBUG_INFORMATION_FORMAT = "dwarf-with-dsym";
				ENABLE_NS_ASSERTIONS = NO;
				ENABLE_STRICT_OBJC_MSGSEND = YES;
				GCC_C_LANGUAGE_STANDARD = gnu11;
				GCC_NO_COMMON_BLOCKS = YES;
				GCC_WARN_64_TO_32_BIT_CONVERSION = YES;
				GCC_WARN_ABOUT_RETURN_TYPE = YES_ERROR;
				GCC_WARN_UNDECLARED_SELECTOR = YES;
				GCC_WARN_UNINITIALIZED_AUTOS = YES_AGGRESSIVE;
				GCC_WARN_UNUSED_FUNCTION = YES;
				GCC_WARN_UNUSED_VARIABLE = YES;
				IPHONEOS_DEPLOYMENT_TARGET = 15.0;
				MTL_ENABLE_DEBUG_INFO = NO;
				MTL_FAST_MATH = YES;
				SDKROOT = iphoneos;
				SWIFT_COMPILATION_MODE = wholemodule;
				SWIFT_OPTIMIZATION_LEVEL = "-O";
				VALIDATE_PRODUCT = YES;
			};
			name = Release;
		};
		33C0EF4C277AF4FE00ECE5A4 /* Debug */ = {
			isa = XCBuildConfiguration;
			baseConfigurationReference = F1CFD19C522C6CFE196A3EFB /* Pods-SGS_NCNS.debug.xcconfig */;
			buildSettings = {
				ASSETCATALOG_COMPILER_APPICON_NAME = AppIcon;
				ASSETCATALOG_COMPILER_GLOBAL_ACCENT_COLOR_NAME = AccentColor;
				CODE_SIGN_ENTITLEMENTS = SGS_NCNS/SGS_NCNS.entitlements;
				CODE_SIGN_STYLE = Automatic;
				CURRENT_PROJECT_VERSION = 1;
				DEVELOPMENT_ASSET_PATHS = "\"SGS_NCNS/Preview Content\"";
				DEVELOPMENT_TEAM = 529S3B4J44;
				ENABLE_PREVIEWS = YES;
				GENERATE_INFOPLIST_FILE = YES;
				INFOPLIST_FILE = "SGS-NCNS-Info.plist";
				INFOPLIST_KEY_UIApplicationSceneManifest_Generation = YES;
				INFOPLIST_KEY_UIApplicationSupportsIndirectInputEvents = YES;
				INFOPLIST_KEY_UILaunchScreen_Generation = YES;
				INFOPLIST_KEY_UISupportedInterfaceOrientations_iPad = "UIInterfaceOrientationPortrait UIInterfaceOrientationPortraitUpsideDown UIInterfaceOrientationLandscapeLeft UIInterfaceOrientationLandscapeRight";
				INFOPLIST_KEY_UISupportedInterfaceOrientations_iPhone = "UIInterfaceOrientationPortrait UIInterfaceOrientationLandscapeLeft UIInterfaceOrientationLandscapeRight";
				LD_RUNPATH_SEARCH_PATHS = (
					"$(inherited)",
					"@executable_path/Frameworks",
				);
				MARKETING_VERSION = 1.0;
				PRODUCT_BUNDLE_IDENTIFIER = "com.contea95.SGS-NCNS";
				PRODUCT_NAME = "$(TARGET_NAME)";
				SWIFT_EMIT_LOC_STRINGS = YES;
				SWIFT_VERSION = 5.0;
				TARGETED_DEVICE_FAMILY = "1,2";
			};
			name = Debug;
		};
		33C0EF4D277AF4FE00ECE5A4 /* Release */ = {
			isa = XCBuildConfiguration;
			baseConfigurationReference = 566B2BCA5484F230B3877D28 /* Pods-SGS_NCNS.release.xcconfig */;
			buildSettings = {
				ASSETCATALOG_COMPILER_APPICON_NAME = AppIcon;
				ASSETCATALOG_COMPILER_GLOBAL_ACCENT_COLOR_NAME = AccentColor;
				CODE_SIGN_ENTITLEMENTS = SGS_NCNS/SGS_NCNS.entitlements;
				CODE_SIGN_STYLE = Automatic;
				CURRENT_PROJECT_VERSION = 1;
				DEVELOPMENT_ASSET_PATHS = "\"SGS_NCNS/Preview Content\"";
				DEVELOPMENT_TEAM = 529S3B4J44;
				ENABLE_PREVIEWS = YES;
				GENERATE_INFOPLIST_FILE = YES;
				INFOPLIST_FILE = "SGS-NCNS-Info.plist";
				INFOPLIST_KEY_UIApplicationSceneManifest_Generation = YES;
				INFOPLIST_KEY_UIApplicationSupportsIndirectInputEvents = YES;
				INFOPLIST_KEY_UILaunchScreen_Generation = YES;
				INFOPLIST_KEY_UISupportedInterfaceOrientations_iPad = "UIInterfaceOrientationPortrait UIInterfaceOrientationPortraitUpsideDown UIInterfaceOrientationLandscapeLeft UIInterfaceOrientationLandscapeRight";
				INFOPLIST_KEY_UISupportedInterfaceOrientations_iPhone = "UIInterfaceOrientationPortrait UIInterfaceOrientationLandscapeLeft UIInterfaceOrientationLandscapeRight";
				LD_RUNPATH_SEARCH_PATHS = (
					"$(inherited)",
					"@executable_path/Frameworks",
				);
				MARKETING_VERSION = 1.0;
				PRODUCT_BUNDLE_IDENTIFIER = "com.contea95.SGS-NCNS";
				PRODUCT_NAME = "$(TARGET_NAME)";
				SWIFT_EMIT_LOC_STRINGS = YES;
				SWIFT_VERSION = 5.0;
				TARGETED_DEVICE_FAMILY = "1,2";
			};
			name = Release;
		};
/* End XCBuildConfiguration section */

/* Begin XCConfigurationList section */
		33C0EF38277AF4FB00ECE5A4 /* Build configuration list for PBXProject "SGS_NCNS" */ = {
			isa = XCConfigurationList;
			buildConfigurations = (
				33C0EF49277AF4FE00ECE5A4 /* Debug */,
				33C0EF4A277AF4FE00ECE5A4 /* Release */,
			);
			defaultConfigurationIsVisible = 0;
			defaultConfigurationName = Release;
		};
		33C0EF4B277AF4FE00ECE5A4 /* Build configuration list for PBXNativeTarget "SGS_NCNS" */ = {
			isa = XCConfigurationList;
			buildConfigurations = (
				33C0EF4C277AF4FE00ECE5A4 /* Debug */,
				33C0EF4D277AF4FE00ECE5A4 /* Release */,
			);
			defaultConfigurationIsVisible = 0;
			defaultConfigurationName = Release;
		};
/* End XCConfigurationList section */

/* Begin XCRemoteSwiftPackageReference section */
		33363E6527A0E5C100C44614 /* XCRemoteSwiftPackageReference "JWTDecode.swift" */ = {
			isa = XCRemoteSwiftPackageReference;
			repositoryURL = "https://github.com/auth0/JWTDecode.swift.git";
			requirement = {
				kind = upToNextMajorVersion;
				minimumVersion = 2.0.0;
			};
		};
		33363E6827A0E5F200C44614 /* XCRemoteSwiftPackageReference "GoogleSignIn-iOS" */ = {
			isa = XCRemoteSwiftPackageReference;
			repositoryURL = "https://github.com/google/GoogleSignIn-iOS";
			requirement = {
				kind = upToNextMajorVersion;
				minimumVersion = 6.0.0;
			};
		};
		33B925C927B10B8900EA90B2 /* XCRemoteSwiftPackageReference "firebase-ios-sdk" */ = {
			isa = XCRemoteSwiftPackageReference;
			repositoryURL = "https://github.com/firebase/firebase-ios-sdk";
			requirement = {
				kind = upToNextMajorVersion;
				minimumVersion = 8.0.0;
			};
		};
		33F071CE277CCE2000D54D12 /* XCRemoteSwiftPackageReference "Kingfisher" */ = {
			isa = XCRemoteSwiftPackageReference;
			repositoryURL = "https://github.com/onevcat/Kingfisher.git";
			requirement = {
				kind = upToNextMajorVersion;
				minimumVersion = 7.0.0;
			};
		};
/* End XCRemoteSwiftPackageReference section */

/* Begin XCSwiftPackageProductDependency section */
		33363E6627A0E5C100C44614 /* JWTDecode */ = {
			isa = XCSwiftPackageProductDependency;
			package = 33363E6527A0E5C100C44614 /* XCRemoteSwiftPackageReference "JWTDecode.swift" */;
			productName = JWTDecode;
		};
		33363E6927A0E5F200C44614 /* GoogleSignIn */ = {
			isa = XCSwiftPackageProductDependency;
			package = 33363E6827A0E5F200C44614 /* XCRemoteSwiftPackageReference "GoogleSignIn-iOS" */;
			productName = GoogleSignIn;
		};
		33B925CA27B10B8900EA90B2 /* FirebaseMessaging */ = {
			isa = XCSwiftPackageProductDependency;
			package = 33B925C927B10B8900EA90B2 /* XCRemoteSwiftPackageReference "firebase-ios-sdk" */;
			productName = FirebaseMessaging;
		};
		33F071CF277CCE2000D54D12 /* Kingfisher */ = {
			isa = XCSwiftPackageProductDependency;
			package = 33F071CE277CCE2000D54D12 /* XCRemoteSwiftPackageReference "Kingfisher" */;
			productName = Kingfisher;
		};
/* End XCSwiftPackageProductDependency section */
	};
	rootObject = 33C0EF35277AF4FB00ECE5A4 /* Project object */;
}
